
Microsoft Visual Studio Solution File, Format Version 12.00
# Visual Studio 14
VisualStudioVersion = 14.0.25420.1
MinimumVisualStudioVersion = 10.0.40219.1
Project("{FAE04EC0-301F-11D3-BF4B-00C04F79EFBC}") = "XamarinFormsBitmap", "XamarinFormsBitmap\XamarinFormsBitmap\XamarinFormsBitmap.csproj", "{7D9EC253-F12D-48B3-8E67-8A00794134EC}"
EndProject
Project("{FAE04EC0-301F-11D3-BF4B-00C04F79EFBC}") = "XamarinFormsBitmap.Droid", "XamarinFormsBitmap\XamarinFormsBitmap.Droid\XamarinFormsBitmap.Droid.csproj", "{0739356D-E5FF-4663-9D31-90AC334E3191}"
EndProject
Project("{FAE04EC0-301F-11D3-BF4B-00C04F79EFBC}") = "XamarinFormsBitmap.iOS", "XamarinFormsBitmap\XamarinFormsBitmap.iOS\XamarinFormsBitmap.iOS.csproj", "{14602ED2-DFCB-4FDF-88BF-B0938F5C4F95}"
EndProject
Project("{FAE04EC0-301F-11D3-BF4B-00C04F79EFBC}") = "XamarinFormsBitmap.WinPhone", "XamarinFormsBitmap\XamarinFormsBitmap.WinPhone\XamarinFormsBitmap.WinPhone.csproj", "{3FD5AF8D-F1FA-48F0-ABD5-8DA91F5B7A54}"
EndProject
Project("{FAE04EC0-301F-11D3-BF4B-00C04F79EFBC}") = "XamarinFormsBitmap.UWP", "XamarinFormsBitmap\XamarinFormsBitmap.UWP\XamarinFormsBitmap.UWP.csproj", "{FC941BB7-AFB7-4414-8247-17FA4F87CED3}"
EndProject
Project("{FAE04EC0-301F-11D3-BF4B-00C04F79EFBC}") = "XamarinFormsBitmap.Windows", "XamarinFormsBitmap\XamarinFormsBitmap.Windows\XamarinFormsBitmap.Windows.csproj", "{8FB0DEB0-F0D3-402B-84A0-1576A4D86A22}"
EndProject
Global
	GlobalSection(SolutionConfigurationPlatforms) = preSolution
		Ad-Hoc|Any CPU = Ad-Hoc|Any CPU
		Ad-Hoc|ARM = Ad-Hoc|ARM
		Ad-Hoc|iPhone = Ad-Hoc|iPhone
		Ad-Hoc|iPhoneSimulator = Ad-Hoc|iPhoneSimulator
		Ad-Hoc|x64 = Ad-Hoc|x64
		Ad-Hoc|x86 = Ad-Hoc|x86
		AppStore|Any CPU = AppStore|Any CPU
		AppStore|ARM = AppStore|ARM
		AppStore|iPhone = AppStore|iPhone
		AppStore|iPhoneSimulator = AppStore|iPhoneSimulator
		AppStore|x64 = AppStore|x64
		AppStore|x86 = AppStore|x86
		Debug|Any CPU = Debug|Any CPU
		Debug|ARM = Debug|ARM
		Debug|iPhone = Debug|iPhone
		Debug|iPhoneSimulator = Debug|iPhoneSimulator
		Debug|x64 = Debug|x64
		Debug|x86 = Debug|x86
		Release|Any CPU = Release|Any CPU
		Release|ARM = Release|ARM
		Release|iPhone = Release|iPhone
		Release|iPhoneSimulator = Release|iPhoneSimulator
		Release|x64 = Release|x64
		Release|x86 = Release|x86
	EndGlobalSection
	GlobalSection(ProjectConfigurationPlatforms) = postSolution
		{7D9EC253-F12D-48B3-8E67-8A00794134EC}.Ad-Hoc|Any CPU.ActiveCfg = Release|Any CPU
		{7D9EC253-F12D-48B3-8E67-8A00794134EC}.Ad-Hoc|Any CPU.Build.0 = Release|Any CPU
		{7D9EC253-F12D-48B3-8E67-8A00794134EC}.Ad-Hoc|ARM.ActiveCfg = Release|Any CPU
		{7D9EC253-F12D-48B3-8E67-8A00794134EC}.Ad-Hoc|ARM.Build.0 = Release|Any CPU
		{7D9EC253-F12D-48B3-8E67-8A00794134EC}.Ad-Hoc|iPhone.ActiveCfg = Release|Any CPU
		{7D9EC253-F12D-48B3-8E67-8A00794134EC}.Ad-Hoc|iPhone.Build.0 = Release|Any CPU
		{7D9EC253-F12D-48B3-8E67-8A00794134EC}.Ad-Hoc|iPhoneSimulator.ActiveCfg = Release|Any CPU
		{7D9EC253-F12D-48B3-8E67-8A00794134EC}.Ad-Hoc|iPhoneSimulator.Build.0 = Release|Any CPU
		{7D9EC253-F12D-48B3-8E67-8A00794134EC}.Ad-Hoc|x64.ActiveCfg = Release|Any CPU
		{7D9EC253-F12D-48B3-8E67-8A00794134EC}.Ad-Hoc|x64.Build.0 = Release|Any CPU
		{7D9EC253-F12D-48B3-8E67-8A00794134EC}.Ad-Hoc|x86.ActiveCfg = Release|Any CPU
		{7D9EC253-F12D-48B3-8E67-8A00794134EC}.Ad-Hoc|x86.Build.0 = Release|Any CPU
		{7D9EC253-F12D-48B3-8E67-8A00794134EC}.AppStore|Any CPU.ActiveCfg = Release|Any CPU
		{7D9EC253-F12D-48B3-8E67-8A00794134EC}.AppStore|Any CPU.Build.0 = Release|Any CPU
		{7D9EC253-F12D-48B3-8E67-8A00794134EC}.AppStore|ARM.ActiveCfg = Release|Any CPU
		{7D9EC253-F12D-48B3-8E67-8A00794134EC}.AppStore|ARM.Build.0 = Release|Any CPU
		{7D9EC253-F12D-48B3-8E67-8A00794134EC}.AppStore|iPhone.ActiveCfg = Release|Any CPU
		{7D9EC253-F12D-48B3-8E67-8A00794134EC}.AppStore|iPhone.Build.0 = Release|Any CPU
		{7D9EC253-F12D-48B3-8E67-8A00794134EC}.AppStore|iPhoneSimulator.ActiveCfg = Release|Any CPU
		{7D9EC253-F12D-48B3-8E67-8A00794134EC}.AppStore|iPhoneSimulator.Build.0 = Release|Any CPU
		{7D9EC253-F12D-48B3-8E67-8A00794134EC}.AppStore|x64.ActiveCfg = Release|Any CPU
		{7D9EC253-F12D-48B3-8E67-8A00794134EC}.AppStore|x64.Build.0 = Release|Any CPU
		{7D9EC253-F12D-48B3-8E67-8A00794134EC}.AppStore|x86.ActiveCfg = Release|Any CPU
		{7D9EC253-F12D-48B3-8E67-8A00794134EC}.AppStore|x86.Build.0 = Release|Any CPU
		{7D9EC253-F12D-48B3-8E67-8A00794134EC}.Debug|Any CPU.ActiveCfg = Debug|Any CPU
		{7D9EC253-F12D-48B3-8E67-8A00794134EC}.Debug|Any CPU.Build.0 = Debug|Any CPU
		{7D9EC253-F12D-48B3-8E67-8A00794134EC}.Debug|ARM.ActiveCfg = Debug|Any CPU
		{7D9EC253-F12D-48B3-8E67-8A00794134EC}.Debug|ARM.Build.0 = Debug|Any CPU
		{7D9EC253-F12D-48B3-8E67-8A00794134EC}.Debug|iPhone.ActiveCfg = Debug|Any CPU
		{7D9EC253-F12D-48B3-8E67-8A00794134EC}.Debug|iPhone.Build.0 = Debug|Any CPU
		{7D9EC253-F12D-48B3-8E67-8A00794134EC}.Debug|iPhoneSimulator.ActiveCfg = Debug|Any CPU
		{7D9EC253-F12D-48B3-8E67-8A00794134EC}.Debug|iPhoneSimulator.Build.0 = Debug|Any CPU
		{7D9EC253-F12D-48B3-8E67-8A00794134EC}.Debug|x64.ActiveCfg = Debug|Any CPU
		{7D9EC253-F12D-48B3-8E67-8A00794134EC}.Debug|x64.Build.0 = Debug|Any CPU
		{7D9EC253-F12D-48B3-8E67-8A00794134EC}.Debug|x86.ActiveCfg = Debug|Any CPU
		{7D9EC253-F12D-48B3-8E67-8A00794134EC}.Debug|x86.Build.0 = Debug|Any CPU
		{7D9EC253-F12D-48B3-8E67-8A00794134EC}.Release|Any CPU.ActiveCfg = Release|Any CPU
		{7D9EC253-F12D-48B3-8E67-8A00794134EC}.Release|Any CPU.Build.0 = Release|Any CPU
		{7D9EC253-F12D-48B3-8E67-8A00794134EC}.Release|ARM.ActiveCfg = Release|Any CPU
		{7D9EC253-F12D-48B3-8E67-8A00794134EC}.Release|ARM.Build.0 = Release|Any CPU
		{7D9EC253-F12D-48B3-8E67-8A00794134EC}.Release|iPhone.ActiveCfg = Release|Any CPU
		{7D9EC253-F12D-48B3-8E67-8A00794134EC}.Release|iPhone.Build.0 = Release|Any CPU
		{7D9EC253-F12D-48B3-8E67-8A00794134EC}.Release|iPhoneSimulator.ActiveCfg = Release|Any CPU
		{7D9EC253-F12D-48B3-8E67-8A00794134EC}.Release|iPhoneSimulator.Build.0 = Release|Any CPU
		{7D9EC253-F12D-48B3-8E67-8A00794134EC}.Release|x64.ActiveCfg = Release|Any CPU
		{7D9EC253-F12D-48B3-8E67-8A00794134EC}.Release|x64.Build.0 = Release|Any CPU
		{7D9EC253-F12D-48B3-8E67-8A00794134EC}.Release|x86.ActiveCfg = Release|Any CPU
		{7D9EC253-F12D-48B3-8E67-8A00794134EC}.Release|x86.Build.0 = Release|Any CPU
		{0739356D-E5FF-4663-9D31-90AC334E3191}.Ad-Hoc|Any CPU.ActiveCfg = Release|Any CPU
		{0739356D-E5FF-4663-9D31-90AC334E3191}.Ad-Hoc|Any CPU.Build.0 = Release|Any CPU
		{0739356D-E5FF-4663-9D31-90AC334E3191}.Ad-Hoc|Any CPU.Deploy.0 = Release|Any CPU
		{0739356D-E5FF-4663-9D31-90AC334E3191}.Ad-Hoc|ARM.ActiveCfg = Release|Any CPU
		{0739356D-E5FF-4663-9D31-90AC334E3191}.Ad-Hoc|ARM.Build.0 = Release|Any CPU
		{0739356D-E5FF-4663-9D31-90AC334E3191}.Ad-Hoc|ARM.Deploy.0 = Release|Any CPU
		{0739356D-E5FF-4663-9D31-90AC334E3191}.Ad-Hoc|iPhone.ActiveCfg = Release|Any CPU
		{0739356D-E5FF-4663-9D31-90AC334E3191}.Ad-Hoc|iPhone.Build.0 = Release|Any CPU
		{0739356D-E5FF-4663-9D31-90AC334E3191}.Ad-Hoc|iPhone.Deploy.0 = Release|Any CPU
		{0739356D-E5FF-4663-9D31-90AC334E3191}.Ad-Hoc|iPhoneSimulator.ActiveCfg = Release|Any CPU
		{0739356D-E5FF-4663-9D31-90AC334E3191}.Ad-Hoc|iPhoneSimulator.Build.0 = Release|Any CPU
		{0739356D-E5FF-4663-9D31-90AC334E3191}.Ad-Hoc|iPhoneSimulator.Deploy.0 = Release|Any CPU
		{0739356D-E5FF-4663-9D31-90AC334E3191}.Ad-Hoc|x64.ActiveCfg = Release|Any CPU
		{0739356D-E5FF-4663-9D31-90AC334E3191}.Ad-Hoc|x64.Build.0 = Release|Any CPU
		{0739356D-E5FF-4663-9D31-90AC334E3191}.Ad-Hoc|x64.Deploy.0 = Release|Any CPU
		{0739356D-E5FF-4663-9D31-90AC334E3191}.Ad-Hoc|x86.ActiveCfg = Release|Any CPU
		{0739356D-E5FF-4663-9D31-90AC334E3191}.Ad-Hoc|x86.Build.0 = Release|Any CPU
		{0739356D-E5FF-4663-9D31-90AC334E3191}.Ad-Hoc|x86.Deploy.0 = Release|Any CPU
		{0739356D-E5FF-4663-9D31-90AC334E3191}.AppStore|Any CPU.ActiveCfg = Release|Any CPU
		{0739356D-E5FF-4663-9D31-90AC334E3191}.AppStore|Any CPU.Build.0 = Release|Any CPU
		{0739356D-E5FF-4663-9D31-90AC334E3191}.AppStore|Any CPU.Deploy.0 = Release|Any CPU
		{0739356D-E5FF-4663-9D31-90AC334E3191}.AppStore|ARM.ActiveCfg = Release|Any CPU
		{0739356D-E5FF-4663-9D31-90AC334E3191}.AppStore|ARM.Build.0 = Release|Any CPU
		{0739356D-E5FF-4663-9D31-90AC334E3191}.AppStore|ARM.Deploy.0 = Release|Any CPU
		{0739356D-E5FF-4663-9D31-90AC334E3191}.AppStore|iPhone.ActiveCfg = Release|Any CPU
		{0739356D-E5FF-4663-9D31-90AC334E3191}.AppStore|iPhone.Build.0 = Release|Any CPU
		{0739356D-E5FF-4663-9D31-90AC334E3191}.AppStore|iPhone.Deploy.0 = Release|Any CPU
		{0739356D-E5FF-4663-9D31-90AC334E3191}.AppStore|iPhoneSimulator.ActiveCfg = Release|Any CPU
		{0739356D-E5FF-4663-9D31-90AC334E3191}.AppStore|iPhoneSimulator.Build.0 = Release|Any CPU
		{0739356D-E5FF-4663-9D31-90AC334E3191}.AppStore|iPhoneSimulator.Deploy.0 = Release|Any CPU
		{0739356D-E5FF-4663-9D31-90AC334E3191}.AppStore|x64.ActiveCfg = Release|Any CPU
		{0739356D-E5FF-4663-9D31-90AC334E3191}.AppStore|x64.Build.0 = Release|Any CPU
		{0739356D-E5FF-4663-9D31-90AC334E3191}.AppStore|x64.Deploy.0 = Release|Any CPU
		{0739356D-E5FF-4663-9D31-90AC334E3191}.AppStore|x86.ActiveCfg = Release|Any CPU
		{0739356D-E5FF-4663-9D31-90AC334E3191}.AppStore|x86.Build.0 = Release|Any CPU
		{0739356D-E5FF-4663-9D31-90AC334E3191}.AppStore|x86.Deploy.0 = Release|Any CPU
		{0739356D-E5FF-4663-9D31-90AC334E3191}.Debug|Any CPU.ActiveCfg = Debug|Any CPU
		{0739356D-E5FF-4663-9D31-90AC334E3191}.Debug|Any CPU.Build.0 = Debug|Any CPU
		{0739356D-E5FF-4663-9D31-90AC334E3191}.Debug|Any CPU.Deploy.0 = Debug|Any CPU
		{0739356D-E5FF-4663-9D31-90AC334E3191}.Debug|ARM.ActiveCfg = Debug|Any CPU
		{0739356D-E5FF-4663-9D31-90AC334E3191}.Debug|ARM.Build.0 = Debug|Any CPU
		{0739356D-E5FF-4663-9D31-90AC334E3191}.Debug|ARM.Deploy.0 = Debug|Any CPU
		{0739356D-E5FF-4663-9D31-90AC334E3191}.Debug|iPhone.ActiveCfg = Debug|Any CPU
		{0739356D-E5FF-4663-9D31-90AC334E3191}.Debug|iPhone.Build.0 = Debug|Any CPU
		{0739356D-E5FF-4663-9D31-90AC334E3191}.Debug|iPhone.Deploy.0 = Debug|Any CPU
		{0739356D-E5FF-4663-9D31-90AC334E3191}.Debug|iPhoneSimulator.ActiveCfg = Debug|Any CPU
		{0739356D-E5FF-4663-9D31-90AC334E3191}.Debug|iPhoneSimulator.Build.0 = Debug|Any CPU
		{0739356D-E5FF-4663-9D31-90AC334E3191}.Debug|iPhoneSimulator.Deploy.0 = Debug|Any CPU
		{0739356D-E5FF-4663-9D31-90AC334E3191}.Debug|x64.ActiveCfg = Debug|Any CPU
		{0739356D-E5FF-4663-9D31-90AC334E3191}.Debug|x64.Build.0 = Debug|Any CPU
		{0739356D-E5FF-4663-9D31-90AC334E3191}.Debug|x64.Deploy.0 = Debug|Any CPU
		{0739356D-E5FF-4663-9D31-90AC334E3191}.Debug|x86.ActiveCfg = Debug|Any CPU
		{0739356D-E5FF-4663-9D31-90AC334E3191}.Debug|x86.Build.0 = Debug|Any CPU
		{0739356D-E5FF-4663-9D31-90AC334E3191}.Debug|x86.Deploy.0 = Debug|Any CPU
		{0739356D-E5FF-4663-9D31-90AC334E3191}.Release|Any CPU.ActiveCfg = Release|Any CPU
		{0739356D-E5FF-4663-9D31-90AC334E3191}.Release|Any CPU.Build.0 = Release|Any CPU
		{0739356D-E5FF-4663-9D31-90AC334E3191}.Release|Any CPU.Deploy.0 = Release|Any CPU
		{0739356D-E5FF-4663-9D31-90AC334E3191}.Release|ARM.ActiveCfg = Release|Any CPU
		{0739356D-E5FF-4663-9D31-90AC334E3191}.Release|ARM.Build.0 = Release|Any CPU
		{0739356D-E5FF-4663-9D31-90AC334E3191}.Release|ARM.Deploy.0 = Release|Any CPU
		{0739356D-E5FF-4663-9D31-90AC334E3191}.Release|iPhone.ActiveCfg = Release|Any CPU
		{0739356D-E5FF-4663-9D31-90AC334E3191}.Release|iPhone.Build.0 = Release|Any CPU
		{0739356D-E5FF-4663-9D31-90AC334E3191}.Release|iPhone.Deploy.0 = Release|Any CPU
		{0739356D-E5FF-4663-9D31-90AC334E3191}.Release|iPhoneSimulator.ActiveCfg = Release|Any CPU
		{0739356D-E5FF-4663-9D31-90AC334E3191}.Release|iPhoneSimulator.Build.0 = Release|Any CPU
		{0739356D-E5FF-4663-9D31-90AC334E3191}.Release|iPhoneSimulator.Deploy.0 = Release|Any CPU
		{0739356D-E5FF-4663-9D31-90AC334E3191}.Release|x64.ActiveCfg = Release|Any CPU
		{0739356D-E5FF-4663-9D31-90AC334E3191}.Release|x64.Build.0 = Release|Any CPU
		{0739356D-E5FF-4663-9D31-90AC334E3191}.Release|x64.Deploy.0 = Release|Any CPU
		{0739356D-E5FF-4663-9D31-90AC334E3191}.Release|x86.ActiveCfg = Release|Any CPU
		{0739356D-E5FF-4663-9D31-90AC334E3191}.Release|x86.Build.0 = Release|Any CPU
		{0739356D-E5FF-4663-9D31-90AC334E3191}.Release|x86.Deploy.0 = Release|Any CPU
		{14602ED2-DFCB-4FDF-88BF-B0938F5C4F95}.Ad-Hoc|Any CPU.ActiveCfg = Ad-Hoc|iPhone
		{14602ED2-DFCB-4FDF-88BF-B0938F5C4F95}.Ad-Hoc|ARM.ActiveCfg = Ad-Hoc|iPhone
		{14602ED2-DFCB-4FDF-88BF-B0938F5C4F95}.Ad-Hoc|iPhone.ActiveCfg = Ad-Hoc|iPhone
		{14602ED2-DFCB-4FDF-88BF-B0938F5C4F95}.Ad-Hoc|iPhone.Build.0 = Ad-Hoc|iPhone
		{14602ED2-DFCB-4FDF-88BF-B0938F5C4F95}.Ad-Hoc|iPhoneSimulator.ActiveCfg = Ad-Hoc|iPhoneSimulator
		{14602ED2-DFCB-4FDF-88BF-B0938F5C4F95}.Ad-Hoc|iPhoneSimulator.Build.0 = Ad-Hoc|iPhoneSimulator
		{14602ED2-DFCB-4FDF-88BF-B0938F5C4F95}.Ad-Hoc|x64.ActiveCfg = Ad-Hoc|iPhone
		{14602ED2-DFCB-4FDF-88BF-B0938F5C4F95}.Ad-Hoc|x86.ActiveCfg = Ad-Hoc|iPhone
		{14602ED2-DFCB-4FDF-88BF-B0938F5C4F95}.AppStore|Any CPU.ActiveCfg = AppStore|iPhone
		{14602ED2-DFCB-4FDF-88BF-B0938F5C4F95}.AppStore|ARM.ActiveCfg = AppStore|iPhone
		{14602ED2-DFCB-4FDF-88BF-B0938F5C4F95}.AppStore|iPhone.ActiveCfg = AppStore|iPhone
		{14602ED2-DFCB-4FDF-88BF-B0938F5C4F95}.AppStore|iPhone.Build.0 = AppStore|iPhone
		{14602ED2-DFCB-4FDF-88BF-B0938F5C4F95}.AppStore|iPhoneSimulator.ActiveCfg = AppStore|iPhoneSimulator
		{14602ED2-DFCB-4FDF-88BF-B0938F5C4F95}.AppStore|iPhoneSimulator.Build.0 = AppStore|iPhoneSimulator
		{14602ED2-DFCB-4FDF-88BF-B0938F5C4F95}.AppStore|x64.ActiveCfg = AppStore|iPhone
		{14602ED2-DFCB-4FDF-88BF-B0938F5C4F95}.AppStore|x86.ActiveCfg = AppStore|iPhone
		{14602ED2-DFCB-4FDF-88BF-B0938F5C4F95}.Debug|Any CPU.ActiveCfg = Debug|iPhone
		{14602ED2-DFCB-4FDF-88BF-B0938F5C4F95}.Debug|ARM.ActiveCfg = Debug|iPhone
		{14602ED2-DFCB-4FDF-88BF-B0938F5C4F95}.Debug|iPhone.ActiveCfg = Debug|iPhone
		{14602ED2-DFCB-4FDF-88BF-B0938F5C4F95}.Debug|iPhone.Build.0 = Debug|iPhone
		{14602ED2-DFCB-4FDF-88BF-B0938F5C4F95}.Debug|iPhoneSimulator.ActiveCfg = Debug|iPhoneSimulator
		{14602ED2-DFCB-4FDF-88BF-B0938F5C4F95}.Debug|iPhoneSimulator.Build.0 = Debug|iPhoneSimulator
		{14602ED2-DFCB-4FDF-88BF-B0938F5C4F95}.Debug|x64.ActiveCfg = Debug|iPhone
		{14602ED2-DFCB-4FDF-88BF-B0938F5C4F95}.Debug|x86.ActiveCfg = Debug|iPhone
		{14602ED2-DFCB-4FDF-88BF-B0938F5C4F95}.Release|Any CPU.ActiveCfg = Release|iPhone
		{14602ED2-DFCB-4FDF-88BF-B0938F5C4F95}.Release|ARM.ActiveCfg = Release|iPhone
		{14602ED2-DFCB-4FDF-88BF-B0938F5C4F95}.Release|iPhone.ActiveCfg = Release|iPhone
		{14602ED2-DFCB-4FDF-88BF-B0938F5C4F95}.Release|iPhone.Build.0 = Release|iPhone
		{14602ED2-DFCB-4FDF-88BF-B0938F5C4F95}.Release|iPhoneSimulator.ActiveCfg = Release|iPhoneSimulator
		{14602ED2-DFCB-4FDF-88BF-B0938F5C4F95}.Release|iPhoneSimulator.Build.0 = Release|iPhoneSimulator
		{14602ED2-DFCB-4FDF-88BF-B0938F5C4F95}.Release|x64.ActiveCfg = Release|iPhone
		{14602ED2-DFCB-4FDF-88BF-B0938F5C4F95}.Release|x86.ActiveCfg = Release|iPhone
		{3FD5AF8D-F1FA-48F0-ABD5-8DA91F5B7A54}.Ad-Hoc|Any CPU.ActiveCfg = Release|Any CPU
		{3FD5AF8D-F1FA-48F0-ABD5-8DA91F5B7A54}.Ad-Hoc|Any CPU.Build.0 = Release|Any CPU
		{3FD5AF8D-F1FA-48F0-ABD5-8DA91F5B7A54}.Ad-Hoc|Any CPU.Deploy.0 = Release|Any CPU
		{3FD5AF8D-F1FA-48F0-ABD5-8DA91F5B7A54}.Ad-Hoc|ARM.ActiveCfg = Release|ARM
		{3FD5AF8D-F1FA-48F0-ABD5-8DA91F5B7A54}.Ad-Hoc|ARM.Build.0 = Release|ARM
		{3FD5AF8D-F1FA-48F0-ABD5-8DA91F5B7A54}.Ad-Hoc|ARM.Deploy.0 = Release|ARM
		{3FD5AF8D-F1FA-48F0-ABD5-8DA91F5B7A54}.Ad-Hoc|iPhone.ActiveCfg = Release|Any CPU
		{3FD5AF8D-F1FA-48F0-ABD5-8DA91F5B7A54}.Ad-Hoc|iPhone.Build.0 = Release|Any CPU
		{3FD5AF8D-F1FA-48F0-ABD5-8DA91F5B7A54}.Ad-Hoc|iPhone.Deploy.0 = Release|Any CPU
		{3FD5AF8D-F1FA-48F0-ABD5-8DA91F5B7A54}.Ad-Hoc|iPhoneSimulator.ActiveCfg = Release|Any CPU
		{3FD5AF8D-F1FA-48F0-ABD5-8DA91F5B7A54}.Ad-Hoc|iPhoneSimulator.Build.0 = Release|Any CPU
		{3FD5AF8D-F1FA-48F0-ABD5-8DA91F5B7A54}.Ad-Hoc|iPhoneSimulator.Deploy.0 = Release|Any CPU
		{3FD5AF8D-F1FA-48F0-ABD5-8DA91F5B7A54}.Ad-Hoc|x64.ActiveCfg = Release|Any CPU
		{3FD5AF8D-F1FA-48F0-ABD5-8DA91F5B7A54}.Ad-Hoc|x64.Build.0 = Release|Any CPU
		{3FD5AF8D-F1FA-48F0-ABD5-8DA91F5B7A54}.Ad-Hoc|x64.Deploy.0 = Release|Any CPU
		{3FD5AF8D-F1FA-48F0-ABD5-8DA91F5B7A54}.Ad-Hoc|x86.ActiveCfg = Release|x86
		{3FD5AF8D-F1FA-48F0-ABD5-8DA91F5B7A54}.Ad-Hoc|x86.Build.0 = Release|x86
		{3FD5AF8D-F1FA-48F0-ABD5-8DA91F5B7A54}.Ad-Hoc|x86.Deploy.0 = Release|x86
		{3FD5AF8D-F1FA-48F0-ABD5-8DA91F5B7A54}.AppStore|Any CPU.ActiveCfg = Release|Any CPU
		{3FD5AF8D-F1FA-48F0-ABD5-8DA91F5B7A54}.AppStore|Any CPU.Build.0 = Release|Any CPU
		{3FD5AF8D-F1FA-48F0-ABD5-8DA91F5B7A54}.AppStore|Any CPU.Deploy.0 = Release|Any CPU
		{3FD5AF8D-F1FA-48F0-ABD5-8DA91F5B7A54}.AppStore|ARM.ActiveCfg = Release|ARM
		{3FD5AF8D-F1FA-48F0-ABD5-8DA91F5B7A54}.AppStore|ARM.Build.0 = Release|ARM
		{3FD5AF8D-F1FA-48F0-ABD5-8DA91F5B7A54}.AppStore|ARM.Deploy.0 = Release|ARM
		{3FD5AF8D-F1FA-48F0-ABD5-8DA91F5B7A54}.AppStore|iPhone.ActiveCfg = Release|Any CPU
		{3FD5AF8D-F1FA-48F0-ABD5-8DA91F5B7A54}.AppStore|iPhone.Build.0 = Release|Any CPU
		{3FD5AF8D-F1FA-48F0-ABD5-8DA91F5B7A54}.AppStore|iPhone.Deploy.0 = Release|Any CPU
		{3FD5AF8D-F1FA-48F0-ABD5-8DA91F5B7A54}.AppStore|iPhoneSimulator.ActiveCfg = Release|Any CPU
		{3FD5AF8D-F1FA-48F0-ABD5-8DA91F5B7A54}.AppStore|iPhoneSimulator.Build.0 = Release|Any CPU
		{3FD5AF8D-F1FA-48F0-ABD5-8DA91F5B7A54}.AppStore|iPhoneSimulator.Deploy.0 = Release|Any CPU
		{3FD5AF8D-F1FA-48F0-ABD5-8DA91F5B7A54}.AppStore|x64.ActiveCfg = Release|Any CPU
		{3FD5AF8D-F1FA-48F0-ABD5-8DA91F5B7A54}.AppStore|x64.Build.0 = Release|Any CPU
		{3FD5AF8D-F1FA-48F0-ABD5-8DA91F5B7A54}.AppStore|x64.Deploy.0 = Release|Any CPU
		{3FD5AF8D-F1FA-48F0-ABD5-8DA91F5B7A54}.AppStore|x86.ActiveCfg = Release|x86
		{3FD5AF8D-F1FA-48F0-ABD5-8DA91F5B7A54}.AppStore|x86.Build.0 = Release|x86
		{3FD5AF8D-F1FA-48F0-ABD5-8DA91F5B7A54}.AppStore|x86.Deploy.0 = Release|x86
		{3FD5AF8D-F1FA-48F0-ABD5-8DA91F5B7A54}.Debug|Any CPU.ActiveCfg = Debug|Any CPU
		{3FD5AF8D-F1FA-48F0-ABD5-8DA91F5B7A54}.Debug|Any CPU.Build.0 = Debug|Any CPU
		{3FD5AF8D-F1FA-48F0-ABD5-8DA91F5B7A54}.Debug|Any CPU.Deploy.0 = Debug|Any CPU
		{3FD5AF8D-F1FA-48F0-ABD5-8DA91F5B7A54}.Debug|ARM.ActiveCfg = Debug|ARM
		{3FD5AF8D-F1FA-48F0-ABD5-8DA91F5B7A54}.Debug|ARM.Build.0 = Debug|ARM
		{3FD5AF8D-F1FA-48F0-ABD5-8DA91F5B7A54}.Debug|ARM.Deploy.0 = Debug|ARM
		{3FD5AF8D-F1FA-48F0-ABD5-8DA91F5B7A54}.Debug|iPhone.ActiveCfg = Debug|Any CPU
		{3FD5AF8D-F1FA-48F0-ABD5-8DA91F5B7A54}.Debug|iPhone.Build.0 = Debug|Any CPU
		{3FD5AF8D-F1FA-48F0-ABD5-8DA91F5B7A54}.Debug|iPhone.Deploy.0 = Debug|Any CPU
		{3FD5AF8D-F1FA-48F0-ABD5-8DA91F5B7A54}.Debug|iPhoneSimulator.ActiveCfg = Debug|Any CPU
		{3FD5AF8D-F1FA-48F0-ABD5-8DA91F5B7A54}.Debug|iPhoneSimulator.Build.0 = Debug|Any CPU
		{3FD5AF8D-F1FA-48F0-ABD5-8DA91F5B7A54}.Debug|iPhoneSimulator.Deploy.0 = Debug|Any CPU
		{3FD5AF8D-F1FA-48F0-ABD5-8DA91F5B7A54}.Debug|x64.ActiveCfg = Debug|Any CPU
		{3FD5AF8D-F1FA-48F0-ABD5-8DA91F5B7A54}.Debug|x64.Build.0 = Debug|Any CPU
		{3FD5AF8D-F1FA-48F0-ABD5-8DA91F5B7A54}.Debug|x64.Deploy.0 = Debug|Any CPU
		{3FD5AF8D-F1FA-48F0-ABD5-8DA91F5B7A54}.Debug|x86.ActiveCfg = Debug|x86
		{3FD5AF8D-F1FA-48F0-ABD5-8DA91F5B7A54}.Debug|x86.Build.0 = Debug|x86
		{3FD5AF8D-F1FA-48F0-ABD5-8DA91F5B7A54}.Debug|x86.Deploy.0 = Debug|x86
		{3FD5AF8D-F1FA-48F0-ABD5-8DA91F5B7A54}.Release|Any CPU.ActiveCfg = Release|Any CPU
		{3FD5AF8D-F1FA-48F0-ABD5-8DA91F5B7A54}.Release|Any CPU.Build.0 = Release|Any CPU
		{3FD5AF8D-F1FA-48F0-ABD5-8DA91F5B7A54}.Release|Any CPU.Deploy.0 = Release|Any CPU
		{3FD5AF8D-F1FA-48F0-ABD5-8DA91F5B7A54}.Release|ARM.ActiveCfg = Release|ARM
		{3FD5AF8D-F1FA-48F0-ABD5-8DA91F5B7A54}.Release|ARM.Build.0 = Release|ARM
		{3FD5AF8D-F1FA-48F0-ABD5-8DA91F5B7A54}.Release|ARM.Deploy.0 = Release|ARM
		{3FD5AF8D-F1FA-48F0-ABD5-8DA91F5B7A54}.Release|iPhone.ActiveCfg = Release|Any CPU
		{3FD5AF8D-F1FA-48F0-ABD5-8DA91F5B7A54}.Release|iPhone.Build.0 = Release|Any CPU
		{3FD5AF8D-F1FA-48F0-ABD5-8DA91F5B7A54}.Release|iPhone.Deploy.0 = Release|Any CPU
		{3FD5AF8D-F1FA-48F0-ABD5-8DA91F5B7A54}.Release|iPhoneSimulator.ActiveCfg = Release|Any CPU
		{3FD5AF8D-F1FA-48F0-ABD5-8DA91F5B7A54}.Release|iPhoneSimulator.Build.0 = Release|Any CPU
		{3FD5AF8D-F1FA-48F0-ABD5-8DA91F5B7A54}.Release|iPhoneSimulator.Deploy.0 = Release|Any CPU
		{3FD5AF8D-F1FA-48F0-ABD5-8DA91F5B7A54}.Release|x64.ActiveCfg = Release|Any CPU
		{3FD5AF8D-F1FA-48F0-ABD5-8DA91F5B7A54}.Release|x64.Build.0 = Release|Any CPU
		{3FD5AF8D-F1FA-48F0-ABD5-8DA91F5B7A54}.Release|x64.Deploy.0 = Release|Any CPU
		{3FD5AF8D-F1FA-48F0-ABD5-8DA91F5B7A54}.Release|x86.ActiveCfg = Release|x86
		{3FD5AF8D-F1FA-48F0-ABD5-8DA91F5B7A54}.Release|x86.Build.0 = Release|x86
		{3FD5AF8D-F1FA-48F0-ABD5-8DA91F5B7A54}.Release|x86.Deploy.0 = Release|x86
		{FC941BB7-AFB7-4414-8247-17FA4F87CED3}.Ad-Hoc|Any CPU.ActiveCfg = Release|x86
		{FC941BB7-AFB7-4414-8247-17FA4F87CED3}.Ad-Hoc|Any CPU.Build.0 = Release|x86
		{FC941BB7-AFB7-4414-8247-17FA4F87CED3}.Ad-Hoc|Any CPU.Deploy.0 = Release|x86
		{FC941BB7-AFB7-4414-8247-17FA4F87CED3}.Ad-Hoc|ARM.ActiveCfg = Release|ARM
		{FC941BB7-AFB7-4414-8247-17FA4F87CED3}.Ad-Hoc|ARM.Build.0 = Release|ARM
		{FC941BB7-AFB7-4414-8247-17FA4F87CED3}.Ad-Hoc|ARM.Deploy.0 = Release|ARM
		{FC941BB7-AFB7-4414-8247-17FA4F87CED3}.Ad-Hoc|iPhone.ActiveCfg = Release|x86
		{FC941BB7-AFB7-4414-8247-17FA4F87CED3}.Ad-Hoc|iPhone.Build.0 = Release|x86
		{FC941BB7-AFB7-4414-8247-17FA4F87CED3}.Ad-Hoc|iPhone.Deploy.0 = Release|x86
		{FC941BB7-AFB7-4414-8247-17FA4F87CED3}.Ad-Hoc|iPhoneSimulator.ActiveCfg = Release|x86
		{FC941BB7-AFB7-4414-8247-17FA4F87CED3}.Ad-Hoc|iPhoneSimulator.Build.0 = Release|x86
		{FC941BB7-AFB7-4414-8247-17FA4F87CED3}.Ad-Hoc|iPhoneSimulator.Deploy.0 = Release|x86
		{FC941BB7-AFB7-4414-8247-17FA4F87CED3}.Ad-Hoc|x64.ActiveCfg = Release|x64
		{FC941BB7-AFB7-4414-8247-17FA4F87CED3}.Ad-Hoc|x64.Build.0 = Release|x64
		{FC941BB7-AFB7-4414-8247-17FA4F87CED3}.Ad-Hoc|x64.Deploy.0 = Release|x64
		{FC941BB7-AFB7-4414-8247-17FA4F87CED3}.Ad-Hoc|x86.ActiveCfg = Release|x86
		{FC941BB7-AFB7-4414-8247-17FA4F87CED3}.Ad-Hoc|x86.Build.0 = Release|x86
		{FC941BB7-AFB7-4414-8247-17FA4F87CED3}.Ad-Hoc|x86.Deploy.0 = Release|x86
		{FC941BB7-AFB7-4414-8247-17FA4F87CED3}.AppStore|Any CPU.ActiveCfg = Release|x86
		{FC941BB7-AFB7-4414-8247-17FA4F87CED3}.AppStore|Any CPU.Build.0 = Release|x86
		{FC941BB7-AFB7-4414-8247-17FA4F87CED3}.AppStore|Any CPU.Deploy.0 = Release|x86
		{FC941BB7-AFB7-4414-8247-17FA4F87CED3}.AppStore|ARM.ActiveCfg = Release|ARM
		{FC941BB7-AFB7-4414-8247-17FA4F87CED3}.AppStore|ARM.Build.0 = Release|ARM
		{FC941BB7-AFB7-4414-8247-17FA4F87CED3}.AppStore|ARM.Deploy.0 = Release|ARM
		{FC941BB7-AFB7-4414-8247-17FA4F87CED3}.AppStore|iPhone.ActiveCfg = Release|x86
		{FC941BB7-AFB7-4414-8247-17FA4F87CED3}.AppStore|iPhone.Build.0 = Release|x86
		{FC941BB7-AFB7-4414-8247-17FA4F87CED3}.AppStore|iPhone.Deploy.0 = Release|x86
		{FC941BB7-AFB7-4414-8247-17FA4F87CED3}.AppStore|iPhoneSimulator.ActiveCfg = Release|x86
		{FC941BB7-AFB7-4414-8247-17FA4F87CED3}.AppStore|iPhoneSimulator.Build.0 = Release|x86
		{FC941BB7-AFB7-4414-8247-17FA4F87CED3}.AppStore|iPhoneSimulator.Deploy.0 = Release|x86
		{FC941BB7-AFB7-4414-8247-17FA4F87CED3}.AppStore|x64.ActiveCfg = Release|x64
		{FC941BB7-AFB7-4414-8247-17FA4F87CED3}.AppStore|x64.Build.0 = Release|x64
		{FC941BB7-AFB7-4414-8247-17FA4F87CED3}.AppStore|x64.Deploy.0 = Release|x64
		{FC941BB7-AFB7-4414-8247-17FA4F87CED3}.AppStore|x86.ActiveCfg = Release|x86
		{FC941BB7-AFB7-4414-8247-17FA4F87CED3}.AppStore|x86.Build.0 = Release|x86
		{FC941BB7-AFB7-4414-8247-17FA4F87CED3}.AppStore|x86.Deploy.0 = Release|x86
		{FC941BB7-AFB7-4414-8247-17FA4F87CED3}.Debug|Any CPU.ActiveCfg = Debug|x86
		{FC941BB7-AFB7-4414-8247-17FA4F87CED3}.Debug|Any CPU.Build.0 = Debug|x86
		{FC941BB7-AFB7-4414-8247-17FA4F87CED3}.Debug|Any CPU.Deploy.0 = Debug|x86
		{FC941BB7-AFB7-4414-8247-17FA4F87CED3}.Debug|ARM.ActiveCfg = Debug|ARM
		{FC941BB7-AFB7-4414-8247-17FA4F87CED3}.Debug|ARM.Build.0 = Debug|ARM
		{FC941BB7-AFB7-4414-8247-17FA4F87CED3}.Debug|ARM.Deploy.0 = Debug|ARM
		{FC941BB7-AFB7-4414-8247-17FA4F87CED3}.Debug|iPhone.ActiveCfg = Debug|x86
		{FC941BB7-AFB7-4414-8247-17FA4F87CED3}.Debug|iPhoneSimulator.ActiveCfg = Debug|x86
		{FC941BB7-AFB7-4414-8247-17FA4F87CED3}.Debug|x64.ActiveCfg = Debug|x64
		{FC941BB7-AFB7-4414-8247-17FA4F87CED3}.Debug|x64.Build.0 = Debug|x64
		{FC941BB7-AFB7-4414-8247-17FA4F87CED3}.Debug|x64.Deploy.0 = Debug|x64
		{FC941BB7-AFB7-4414-8247-17FA4F87CED3}.Debug|x86.ActiveCfg = Debug|x86
		{FC941BB7-AFB7-4414-8247-17FA4F87CED3}.Debug|x86.Build.0 = Debug|x86
		{FC941BB7-AFB7-4414-8247-17FA4F87CED3}.Debug|x86.Deploy.0 = Debug|x86
		{FC941BB7-AFB7-4414-8247-17FA4F87CED3}.Release|Any CPU.ActiveCfg = Release|x86
		{FC941BB7-AFB7-4414-8247-17FA4F87CED3}.Release|ARM.ActiveCfg = Release|ARM
		{FC941BB7-AFB7-4414-8247-17FA4F87CED3}.Release|ARM.Build.0 = Release|ARM
		{FC941BB7-AFB7-4414-8247-17FA4F87CED3}.Release|ARM.Deploy.0 = Release|ARM
		{FC941BB7-AFB7-4414-8247-17FA4F87CED3}.Release|iPhone.ActiveCfg = Release|x86
		{FC941BB7-AFB7-4414-8247-17FA4F87CED3}.Release|iPhoneSimulator.ActiveCfg = Release|x86
		{FC941BB7-AFB7-4414-8247-17FA4F87CED3}.Release|x64.ActiveCfg = Release|x64
		{FC941BB7-AFB7-4414-8247-17FA4F87CED3}.Release|x64.Build.0 = Release|x64
		{FC941BB7-AFB7-4414-8247-17FA4F87CED3}.Release|x64.Deploy.0 = Release|x64
		{FC941BB7-AFB7-4414-8247-17FA4F87CED3}.Release|x86.ActiveCfg = Release|x86
		{FC941BB7-AFB7-4414-8247-17FA4F87CED3}.Release|x86.Build.0 = Release|x86
		{FC941BB7-AFB7-4414-8247-17FA4F87CED3}.Release|x86.Deploy.0 = Release|x86
		{8FB0DEB0-F0D3-402B-84A0-1576A4D86A22}.Ad-Hoc|Any CPU.ActiveCfg = Release|Any CPU
		{8FB0DEB0-F0D3-402B-84A0-1576A4D86A22}.Ad-Hoc|Any CPU.Build.0 = Release|Any CPU
		{8FB0DEB0-F0D3-402B-84A0-1576A4D86A22}.Ad-Hoc|Any CPU.Deploy.0 = Release|Any CPU
		{8FB0DEB0-F0D3-402B-84A0-1576A4D86A22}.Ad-Hoc|ARM.ActiveCfg = Release|ARM
		{8FB0DEB0-F0D3-402B-84A0-1576A4D86A22}.Ad-Hoc|ARM.Build.0 = Release|ARM
		{8FB0DEB0-F0D3-402B-84A0-1576A4D86A22}.Ad-Hoc|ARM.Deploy.0 = Release|ARM
		{8FB0DEB0-F0D3-402B-84A0-1576A4D86A22}.Ad-Hoc|iPhone.ActiveCfg = Release|Any CPU
		{8FB0DEB0-F0D3-402B-84A0-1576A4D86A22}.Ad-Hoc|iPhone.Build.0 = Release|Any CPU
		{8FB0DEB0-F0D3-402B-84A0-1576A4D86A22}.Ad-Hoc|iPhone.Deploy.0 = Release|Any CPU
		{8FB0DEB0-F0D3-402B-84A0-1576A4D86A22}.Ad-Hoc|iPhoneSimulator.ActiveCfg = Release|Any CPU
		{8FB0DEB0-F0D3-402B-84A0-1576A4D86A22}.Ad-Hoc|iPhoneSimulator.Build.0 = Release|Any CPU
		{8FB0DEB0-F0D3-402B-84A0-1576A4D86A22}.Ad-Hoc|iPhoneSimulator.Deploy.0 = Release|Any CPU
		{8FB0DEB0-F0D3-402B-84A0-1576A4D86A22}.Ad-Hoc|x64.ActiveCfg = Release|x64
		{8FB0DEB0-F0D3-402B-84A0-1576A4D86A22}.Ad-Hoc|x64.Build.0 = Release|x64
		{8FB0DEB0-F0D3-402B-84A0-1576A4D86A22}.Ad-Hoc|x64.Deploy.0 = Release|x64
		{8FB0DEB0-F0D3-402B-84A0-1576A4D86A22}.Ad-Hoc|x86.ActiveCfg = Release|x86
		{8FB0DEB0-F0D3-402B-84A0-1576A4D86A22}.Ad-Hoc|x86.Build.0 = Release|x86
		{8FB0DEB0-F0D3-402B-84A0-1576A4D86A22}.Ad-Hoc|x86.Deploy.0 = Release|x86
		{8FB0DEB0-F0D3-402B-84A0-1576A4D86A22}.AppStore|Any CPU.ActiveCfg = Release|Any CPU
		{8FB0DEB0-F0D3-402B-84A0-1576A4D86A22}.AppStore|Any CPU.Build.0 = Release|Any CPU
		{8FB0DEB0-F0D3-402B-84A0-1576A4D86A22}.AppStore|Any CPU.Deploy.0 = Release|Any CPU
		{8FB0DEB0-F0D3-402B-84A0-1576A4D86A22}.AppStore|ARM.ActiveCfg = Release|ARM
		{8FB0DEB0-F0D3-402B-84A0-1576A4D86A22}.AppStore|ARM.Build.0 = Release|ARM
		{8FB0DEB0-F0D3-402B-84A0-1576A4D86A22}.AppStore|ARM.Deploy.0 = Release|ARM
		{8FB0DEB0-F0D3-402B-84A0-1576A4D86A22}.AppStore|iPhone.ActiveCfg = Release|Any CPU
		{8FB0DEB0-F0D3-402B-84A0-1576A4D86A22}.AppStore|iPhone.Build.0 = Release|Any CPU
		{8FB0DEB0-F0D3-402B-84A0-1576A4D86A22}.AppStore|iPhone.Deploy.0 = Release|Any CPU
		{8FB0DEB0-F0D3-402B-84A0-1576A4D86A22}.AppStore|iPhoneSimulator.ActiveCfg = Release|Any CPU
		{8FB0DEB0-F0D3-402B-84A0-1576A4D86A22}.AppStore|iPhoneSimulator.Build.0 = Release|Any CPU
		{8FB0DEB0-F0D3-402B-84A0-1576A4D86A22}.AppStore|iPhoneSimulator.Deploy.0 = Release|Any CPU
		{8FB0DEB0-F0D3-402B-84A0-1576A4D86A22}.AppStore|x64.ActiveCfg = Release|x64
		{8FB0DEB0-F0D3-402B-84A0-1576A4D86A22}.AppStore|x64.Build.0 = Release|x64
		{8FB0DEB0-F0D3-402B-84A0-1576A4D86A22}.AppStore|x64.Deploy.0 = Release|x64
		{8FB0DEB0-F0D3-402B-84A0-1576A4D86A22}.AppStore|x86.ActiveCfg = Release|x86
		{8FB0DEB0-F0D3-402B-84A0-1576A4D86A22}.AppStore|x86.Build.0 = Release|x86
		{8FB0DEB0-F0D3-402B-84A0-1576A4D86A22}.AppStore|x86.Deploy.0 = Release|x86
		{8FB0DEB0-F0D3-402B-84A0-1576A4D86A22}.Debug|Any CPU.ActiveCfg = Debug|Any CPU
		{8FB0DEB0-F0D3-402B-84A0-1576A4D86A22}.Debug|Any CPU.Build.0 = Debug|Any CPU
		{8FB0DEB0-F0D3-402B-84A0-1576A4D86A22}.Debug|Any CPU.Deploy.0 = Debug|Any CPU
		{8FB0DEB0-F0D3-402B-84A0-1576A4D86A22}.Debug|ARM.ActiveCfg = Debug|ARM
		{8FB0DEB0-F0D3-402B-84A0-1576A4D86A22}.Debug|ARM.Build.0 = Debug|ARM
		{8FB0DEB0-F0D3-402B-84A0-1576A4D86A22}.Debug|ARM.Deploy.0 = Debug|ARM
		{8FB0DEB0-F0D3-402B-84A0-1576A4D86A22}.Debug|iPhone.ActiveCfg = Debug|Any CPU
		{8FB0DEB0-F0D3-402B-84A0-1576A4D86A22}.Debug|iPhone.Build.0 = Debug|Any CPU
		{8FB0DEB0-F0D3-402B-84A0-1576A4D86A22}.Debug|iPhone.Deploy.0 = Debug|Any CPU
		{8FB0DEB0-F0D3-402B-84A0-1576A4D86A22}.Debug|iPhoneSimulator.ActiveCfg = Debug|Any CPU
		{8FB0DEB0-F0D3-402B-84A0-1576A4D86A22}.Debug|iPhoneSimulator.Build.0 = Debug|Any CPU
		{8FB0DEB0-F0D3-402B-84A0-1576A4D86A22}.Debug|iPhoneSimulator.Deploy.0 = Debug|Any CPU
		{8FB0DEB0-F0D3-402B-84A0-1576A4D86A22}.Debug|x64.ActiveCfg = Debug|x64
		{8FB0DEB0-F0D3-402B-84A0-1576A4D86A22}.Debug|x64.Build.0 = Debug|x64
		{8FB0DEB0-F0D3-402B-84A0-1576A4D86A22}.Debug|x64.Deploy.0 = Debug|x64
		{8FB0DEB0-F0D3-402B-84A0-1576A4D86A22}.Debug|x86.ActiveCfg = Debug|x86
		{8FB0DEB0-F0D3-402B-84A0-1576A4D86A22}.Debug|x86.Build.0 = Debug|x86
		{8FB0DEB0-F0D3-402B-84A0-1576A4D86A22}.Debug|x86.Deploy.0 = Debug|x86
		{8FB0DEB0-F0D3-402B-84A0-1576A4D86A22}.Release|Any CPU.ActiveCfg = Release|Any CPU
		{8FB0DEB0-F0D3-402B-84A0-1576A4D86A22}.Release|Any CPU.Build.0 = Release|Any CPU
		{8FB0DEB0-F0D3-402B-84A0-1576A4D86A22}.Release|Any CPU.Deploy.0 = Release|Any CPU
		{8FB0DEB0-F0D3-402B-84A0-1576A4D86A22}.Release|ARM.ActiveCfg = Release|ARM
		{8FB0DEB0-F0D3-402B-84A0-1576A4D86A22}.Release|ARM.Build.0 = Release|ARM
		{8FB0DEB0-F0D3-402B-84A0-1576A4D86A22}.Release|ARM.Deploy.0 = Release|ARM
		{8FB0DEB0-F0D3-402B-84A0-1576A4D86A22}.Release|iPhone.ActiveCfg = Release|Any CPU
		{8FB0DEB0-F0D3-402B-84A0-1576A4D86A22}.Release|iPhone.Build.0 = Release|Any CPU
		{8FB0DEB0-F0D3-402B-84A0-1576A4D86A22}.Release|iPhone.Deploy.0 = Release|Any CPU
		{8FB0DEB0-F0D3-402B-84A0-1576A4D86A22}.Release|iPhoneSimulator.ActiveCfg = Release|Any CPU
		{8FB0DEB0-F0D3-402B-84A0-1576A4D86A22}.Release|iPhoneSimulator.Build.0 = Release|Any CPU
		{8FB0DEB0-F0D3-402B-84A0-1576A4D86A22}.Release|iPhoneSimulator.Deploy.0 = Release|Any CPU
		{8FB0DEB0-F0D3-402B-84A0-1576A4D86A22}.Release|x64.ActiveCfg = Release|x64
		{8FB0DEB0-F0D3-402B-84A0-1576A4D86A22}.Release|x64.Build.0 = Release|x64
		{8FB0DEB0-F0D3-402B-84A0-1576A4D86A22}.Release|x64.Deploy.0 = Release|x64
		{8FB0DEB0-F0D3-402B-84A0-1576A4D86A22}.Release|x86.ActiveCfg = Release|x86
		{8FB0DEB0-F0D3-402B-84A0-1576A4D86A22}.Release|x86.Build.0 = Release|x86
		{8FB0DEB0-F0D3-402B-84A0-1576A4D86A22}.Release|x86.Deploy.0 = Release|x86
	EndGlobalSection
	GlobalSection(SolutionProperties) = preSolution
		HideSolutionNode = FALSE
	EndGlobalSection
EndGlobal
